<Solution>
  <Folder Name="/src/">
    <Project Path="src/RevenantHardening.Cli/RevenantHardening.Cli.csproj" />
    <Project Path="src/RevenantHardening.Core/RevenantHardening.Core.csproj" />
    <Project Path="src/RevenantHardening.Rules/RevenantHardening.Rules.csproj" />
  </Folder>
  <Folder Name="/tests/">
    <Project Path="tests/RevenantHardening.Tests/RevenantHardening.Tests.csproj" />
  </Folder>
</Solution>
